
Microsoft Visual Studio Solution File, Format Version 12.00
# Visual Studio Version 16
VisualStudioVersion = 16.0.29411.108
MinimumVisualStudioVersion = 10.0.40219.1
Project("{FAE04EC0-301F-11D3-BF4B-00C04F79EFBC}") = "CS-NumberSorter", "CS-NumberSorter\CS-NumberSorter.csproj", "{A1D9947D-C681-4C48-9812-8C5C4AB709B5}"
EndProject
Global
	GlobalSection(SolutionConfigurationPlatforms) = preSolution
		Debug|Any CPU = Debug|Any CPU
		Release|Any CPU = Release|Any CPU
	EndGlobalSection
	GlobalSection(ProjectConfigurationPlatforms) = postSolution
		{A1D9947D-C681-4C48-9812-8C5C4AB709B5}.Debug|Any CPU.ActiveCfg = Debug|Any CPU
		{A1D9947D-C681-4C48-9812-8C5C4AB709B5}.Debug|Any CPU.Build.0 = Debug|Any CPU
		{A1D9947D-C681-4C48-9812-8C5C4AB709B5}.Release|Any CPU.ActiveCfg = Release|Any CPU
		{A1D9947D-C681-4C48-9812-8C5C4AB709B5}.Release|Any CPU.Build.0 = Release|Any CPU
	EndGlobalSection
	GlobalSection(SolutionProperties) = preSolution
		HideSolutionNode = FALSE
	EndGlobalSection
	GlobalSection(ExtensibilityGlobals) = postSolution
		SolutionGuid = {D0708429-C7A1-480F-AEB2-E21CCB7988C1}
	EndGlobalSection
EndGlobal
